
Microsoft Visual Studio Solution File, Format Version 12.00
# Visual Studio Version 16
VisualStudioVersion = 16.0.30114.105
MinimumVisualStudioVersion = 10.0.40219.1
Project("{FAE04EC0-301F-11D3-BF4B-00C04F79EFBC}") = "Shopi.Task", "Shopi.Task\Shopi.Task.csproj", "{3CD9A80F-6317-462F-A964-5977BD4B949C}"
EndProject
Project("{FAE04EC0-301F-11D3-BF4B-00C04F79EFBC}") = "Shopi.UnitTest", "Shopi.UnitTest\Shopi.UnitTest.csproj", "{77B7C576-5C7E-4B64-9298-21661F847A33}"
EndProject
Global
	GlobalSection(SolutionConfigurationPlatforms) = preSolution
		Debug|Any CPU = Debug|Any CPU
		Release|Any CPU = Release|Any CPU
	EndGlobalSection
	GlobalSection(ProjectConfigurationPlatforms) = postSolution
		{3CD9A80F-6317-462F-A964-5977BD4B949C}.Debug|Any CPU.ActiveCfg = Debug|Any CPU
		{3CD9A80F-6317-462F-A964-5977BD4B949C}.Debug|Any CPU.Build.0 = Debug|Any CPU
		{3CD9A80F-6317-462F-A964-5977BD4B949C}.Release|Any CPU.ActiveCfg = Release|Any CPU
		{3CD9A80F-6317-462F-A964-5977BD4B949C}.Release|Any CPU.Build.0 = Release|Any CPU
		{77B7C576-5C7E-4B64-9298-21661F847A33}.Debug|Any CPU.ActiveCfg = Debug|Any CPU
		{77B7C576-5C7E-4B64-9298-21661F847A33}.Debug|Any CPU.Build.0 = Debug|Any CPU
		{77B7C576-5C7E-4B64-9298-21661F847A33}.Release|Any CPU.ActiveCfg = Release|Any CPU
		{77B7C576-5C7E-4B64-9298-21661F847A33}.Release|Any CPU.Build.0 = Release|Any CPU
	EndGlobalSection
	GlobalSection(SolutionProperties) = preSolution
		HideSolutionNode = FALSE
	EndGlobalSection
	GlobalSection(ExtensibilityGlobals) = postSolution
		SolutionGuid = {1543C635-0B3C-444B-BA9D-D33CB3211879}
	EndGlobalSection
EndGlobal
